
Microsoft Visual Studio Solution File, Format Version 12.00
# Visual Studio Version 16
VisualStudioVersion = 16.0.28531.58
MinimumVisualStudioVersion = 10.0.40219.1
Project("{FAE04EC0-301F-11D3-BF4B-00C04F79EFBC}") = "SchoolApp.Web", "SchoolApp.Web\SchoolApp.Web.csproj", "{57564438-BEC4-4C14-B35E-252B91F1BC03}"
EndProject
Project("{FAE04EC0-301F-11D3-BF4B-00C04F79EFBC}") = "SchoolApp.Data", "SchoolApp.Data\SchoolApp.Data.csproj", "{523790DD-5F05-4998-9691-DB628C0AE7F9}"
EndProject
Project("{FAE04EC0-301F-11D3-BF4B-00C04F79EFBC}") = "SchoolApp.Models", "SchoolApp.Models\SchoolApp.Models.csproj", "{D341B023-8157-4F15-A34A-2BEC5D75E238}"
EndProject
Project("{FAE04EC0-301F-11D3-BF4B-00C04F79EFBC}") = "SchoolApp.Tests", "SchoolApp.Tests\SchoolApp.Tests.csproj", "{E1B2594E-4EF6-45AF-8F41-4D7636096130}"
EndProject
Global
	GlobalSection(SolutionConfigurationPlatforms) = preSolution
		Debug|Any CPU = Debug|Any CPU
		Release|Any CPU = Release|Any CPU
	EndGlobalSection
	GlobalSection(ProjectConfigurationPlatforms) = postSolution
		{57564438-BEC4-4C14-B35E-252B91F1BC03}.Debug|Any CPU.ActiveCfg = Debug|Any CPU
		{57564438-BEC4-4C14-B35E-252B91F1BC03}.Debug|Any CPU.Build.0 = Debug|Any CPU
		{57564438-BEC4-4C14-B35E-252B91F1BC03}.Release|Any CPU.ActiveCfg = Release|Any CPU
		{57564438-BEC4-4C14-B35E-252B91F1BC03}.Release|Any CPU.Build.0 = Release|Any CPU
		{523790DD-5F05-4998-9691-DB628C0AE7F9}.Debug|Any CPU.ActiveCfg = Debug|Any CPU
		{523790DD-5F05-4998-9691-DB628C0AE7F9}.Debug|Any CPU.Build.0 = Debug|Any CPU
		{523790DD-5F05-4998-9691-DB628C0AE7F9}.Release|Any CPU.ActiveCfg = Release|Any CPU
		{523790DD-5F05-4998-9691-DB628C0AE7F9}.Release|Any CPU.Build.0 = Release|Any CPU
		{D341B023-8157-4F15-A34A-2BEC5D75E238}.Debug|Any CPU.ActiveCfg = Debug|Any CPU
		{D341B023-8157-4F15-A34A-2BEC5D75E238}.Debug|Any CPU.Build.0 = Debug|Any CPU
		{D341B023-8157-4F15-A34A-2BEC5D75E238}.Release|Any CPU.ActiveCfg = Release|Any CPU
		{D341B023-8157-4F15-A34A-2BEC5D75E238}.Release|Any CPU.Build.0 = Release|Any CPU
		{E1B2594E-4EF6-45AF-8F41-4D7636096130}.Debug|Any CPU.ActiveCfg = Debug|Any CPU
		{E1B2594E-4EF6-45AF-8F41-4D7636096130}.Debug|Any CPU.Build.0 = Debug|Any CPU
		{E1B2594E-4EF6-45AF-8F41-4D7636096130}.Release|Any CPU.ActiveCfg = Release|Any CPU
		{E1B2594E-4EF6-45AF-8F41-4D7636096130}.Release|Any CPU.Build.0 = Release|Any CPU
	EndGlobalSection
	GlobalSection(SolutionProperties) = preSolution
		HideSolutionNode = FALSE
	EndGlobalSection
	GlobalSection(ExtensibilityGlobals) = postSolution
		SolutionGuid = {AA257EEE-EDE7-4BA5-8415-B7D322AF3608}
	EndGlobalSection
EndGlobal
